
Microsoft Visual Studio Solution File, Format Version 12.00
# Visual Studio Version 17
VisualStudioVersion = 17.7.34202.233
MinimumVisualStudioVersion = 10.0.40219.1
Project("{FAE04EC0-301F-11D3-BF4B-00C04F79EFBC}") = "MidpointLineAlg", "MidpointLineAlg.csproj", "{80EC3D72-95E1-4091-B7CD-8882540B0DBC}"
EndProject
Global
	GlobalSection(SolutionConfigurationPlatforms) = preSolution
		Debug|Any CPU = Debug|Any CPU
		Release|Any CPU = Release|Any CPU
	EndGlobalSection
	GlobalSection(ProjectConfigurationPlatforms) = postSolution
		{80EC3D72-95E1-4091-B7CD-8882540B0DBC}.Debug|Any CPU.ActiveCfg = Debug|Any CPU
		{80EC3D72-95E1-4091-B7CD-8882540B0DBC}.Debug|Any CPU.Build.0 = Debug|Any CPU
		{80EC3D72-95E1-4091-B7CD-8882540B0DBC}.Release|Any CPU.ActiveCfg = Release|Any CPU
		{80EC3D72-95E1-4091-B7CD-8882540B0DBC}.Release|Any CPU.Build.0 = Release|Any CPU
	EndGlobalSection
	GlobalSection(SolutionProperties) = preSolution
		HideSolutionNode = FALSE
	EndGlobalSection
	GlobalSection(ExtensibilityGlobals) = postSolution
		SolutionGuid = {D51826E3-84C8-40AD-84B0-39FAC0C2D242}
	EndGlobalSection
EndGlobal
